
Microsoft Visual Studio Solution File, Format Version 12.00
# Visual Studio Version 16
VisualStudioVersion = 16.0.30804.86
MinimumVisualStudioVersion = 10.0.40219.1
Project("{FAE04EC0-301F-11D3-BF4B-00C04F79EFBC}") = "MagicalSquare", "MagicalSquare\MagicalSquare.csproj", "{F62EE791-BD84-4030-A2B7-61188B51FAF6}"
EndProject
Global
	GlobalSection(SolutionConfigurationPlatforms) = preSolution
		Debug|Any CPU = Debug|Any CPU
		Release|Any CPU = Release|Any CPU
	EndGlobalSection
	GlobalSection(ProjectConfigurationPlatforms) = postSolution
		{F62EE791-BD84-4030-A2B7-61188B51FAF6}.Debug|Any CPU.ActiveCfg = Debug|Any CPU
		{F62EE791-BD84-4030-A2B7-61188B51FAF6}.Debug|Any CPU.Build.0 = Debug|Any CPU
		{F62EE791-BD84-4030-A2B7-61188B51FAF6}.Release|Any CPU.ActiveCfg = Release|Any CPU
		{F62EE791-BD84-4030-A2B7-61188B51FAF6}.Release|Any CPU.Build.0 = Release|Any CPU
	EndGlobalSection
	GlobalSection(SolutionProperties) = preSolution
		HideSolutionNode = FALSE
	EndGlobalSection
	GlobalSection(ExtensibilityGlobals) = postSolution
		SolutionGuid = {F8305ACB-ED65-45A9-AC62-496926E05736}
	EndGlobalSection
EndGlobal
